{
  "name": "fast-max",
  "version": "0.3.0",
  "lockfileVersion": 2,
  "requires": true,
  "packages": {
    "": {
      "version": "0.3.0",
      "license": "CC0-1.0",
      "dependencies": {
        "typed-array-ranges": "^0.0.0"
      },
      "devDependencies": {
        "flug": "^1.1.0",
        "lodash.max": "^4.0.1",
        "underscore": "^1.13.1"
      }
    },
    "node_modules/flug": {
      "version": "1.1.0",
      "resolved": "https://registry.npmjs.org/flug/-/flug-1.1.0.tgz",
      "integrity": "sha512-WiqL10XpieW2CNyW4L++cBdIdrTAj6cMhjI/uEtms50JwJwjnythS5QtaE7Db+5ybYqqnTmREzbr/EB+TKlgJA==",
      "dev": true
    },
    "node_modules/lodash.max": {
      "version": "4.0.1",
      "resolved": "https://registry.npmjs.org/lodash.max/-/lodash.max-4.0.1.tgz",
      "integrity": "sha1-hzVWbGGLNan3YFILSHrnllivE2o=",
      "dev": true
    },
    "node_modules/typed-array-ranges": {
      "version": "0.0.0",
      "resolved": "https://registry.npmjs.org/typed-array-ranges/-/typed-array-ranges-0.0.0.tgz",
      "integrity": "sha512-f8IjaA5ELCg0QWdUzep2Ru8CjBHmlDurAwu2L5mOiRdv0KZnpiPnWbZX3fvRHk/AKuglwXV/F7O/tIK3nzLmHQ=="
    },
    "node_modules/underscore": {
      "version": "1.13.1",
      "resolved": "https://registry.npmjs.org/underscore/-/underscore-1.13.1.tgz",
      "integrity": "sha512-hzSoAVtJF+3ZtiFX0VgfFPHEDRm7Y/QPjGyNo4TVdnDTdft3tr8hEkD25a1jC+TjTuE7tkHGKkhwCgs9dgBB2g==",
      "dev": true
    }
  },
  "dependencies": {
    "flug": {
      "version": "1.1.0",
      "resolved": "https://registry.npmjs.org/flug/-/flug-1.1.0.tgz",
      "integrity": "sha512-WiqL10XpieW2CNyW4L++cBdIdrTAj6cMhjI/uEtms50JwJwjnythS5QtaE7Db+5ybYqqnTmREzbr/EB+TKlgJA==",
      "dev": true
    },
    "lodash.max": {
      "version": "4.0.1",
      "resolved": "https://registry.npmjs.org/lodash.max/-/lodash.max-4.0.1.tgz",
      "integrity": "sha1-hzVWbGGLNan3YFILSHrnllivE2o=",
      "dev": true
    },
    "typed-array-ranges": {
      "version": "0.0.0",
      "resolved": "https://registry.npmjs.org/typed-array-ranges/-/typed-array-ranges-0.0.0.tgz",
      "integrity": "sha512-f8IjaA5ELCg0QWdUzep2Ru8CjBHmlDurAwu2L5mOiRdv0KZnpiPnWbZX3fvRHk/AKuglwXV/F7O/tIK3nzLmHQ=="
    },
    "underscore": {
      "version": "1.13.1",
      "resolved": "https://registry.npmjs.org/underscore/-/underscore-1.13.1.tgz",
      "integrity": "sha512-hzSoAVtJF+3ZtiFX0VgfFPHEDRm7Y/QPjGyNo4TVdnDTdft3tr8hEkD25a1jC+TjTuE7tkHGKkhwCgs9dgBB2g==",
      "dev": true
    }
  }
}
